{
  "name": "ts-array-to-int",
  "version": "1.0.0",
  "lockfileVersion": 3,
  "requires": true,
  "packages": {
    "": {
      "name": "ts-array-to-int",
      "version": "1.0.0",
      "license": "ISC",
      "dependencies": {
        "ts-array-to-int": "file:"
      }
    },
    "node_modules/ts-array-to-int": {
      "resolved": "",
      "link": true
    }
  }
}
